
Microsoft Visual Studio Solution File, Format Version 12.00
# Visual Studio Version 16
VisualStudioVersion = 16.0.30002.166
MinimumVisualStudioVersion = 10.0.40219.1
Project("{2150E333-8FDC-42A3-9474-1A3956D46DE8}") = "01 - Presentation", "01 - Presentation", "{40356ECC-EB43-4949-BCD5-758A4C47E3F3}"
EndProject
Project("{2150E333-8FDC-42A3-9474-1A3956D46DE8}") = "02 - Application", "02 - Application", "{1E04BA33-951B-4CB6-92C1-E55E7C4BC5FA}"
EndProject
Project("{2150E333-8FDC-42A3-9474-1A3956D46DE8}") = "03 - Domain", "03 - Domain", "{0283EAB1-2F7B-43D6-B7AA-DAA55F1D251F}"
EndProject
Project("{2150E333-8FDC-42A3-9474-1A3956D46DE8}") = "04 - Infrastructure", "04 - Infrastructure", "{F6549E8F-16A0-4DBF-AAEC-2F622AC81E26}"
EndProject
Project("{2150E333-8FDC-42A3-9474-1A3956D46DE8}") = "99 - CrossCutting", "99 - CrossCutting", "{D41F6206-37A3-4CE6-B325-22EAD38A9802}"
EndProject
Project("{9A19103F-16F7-4668-BE54-9A1E7A4F7556}") = "M2RG.MyTimesheet.Application", "M2RG.MyTimesheet.Application\M2RG.MyTimesheet.Application.csproj", "{14AEB9E7-BBBE-45A9-833A-06F293981CAA}"
EndProject
Project("{FAE04EC0-301F-11D3-BF4B-00C04F79EFBC}") = "M2RG.MyTimesheet.Ports", "M2RG.MyTimesheet.Ports\M2RG.MyTimesheet.Ports.csproj", "{DA84D1A2-E142-410F-9BCC-8BA1FD2BDD80}"
EndProject
Project("{FAE04EC0-301F-11D3-BF4B-00C04F79EFBC}") = "M2RG.MyTimesheet.Domain", "M2RG.MyTimesheet.Domain\M2RG.MyTimesheet.Domain.csproj", "{EAA6E81E-48DE-4F3D-B4F6-D9FB01A79FD6}"
EndProject
Project("{FAE04EC0-301F-11D3-BF4B-00C04F79EFBC}") = "M2RG.MyTimesheet.DTO", "M2RG.MyTimesheet.DTO\M2RG.MyTimesheet.DTO.csproj", "{1AC7451C-0791-4158-87F4-D0DF704B7EF6}"
EndProject
Project("{FAE04EC0-301F-11D3-BF4B-00C04F79EFBC}") = "M2RG.MyTimesheet.Repositories", "M2RG.MyTimesheet.Repositories\M2RG.MyTimesheet.Repositories.csproj", "{03BFFCC2-D671-4140-93FF-03542E46AEB7}"
EndProject
Project("{FAE04EC0-301F-11D3-BF4B-00C04F79EFBC}") = "M2RG.MyTimesheet.ContextValidation", "M2RG.MyTimesheet.ContextValidation\M2RG.MyTimesheet.ContextValidation.csproj", "{DA144BE7-BD3A-4E1B-BB50-03FDC47963FC}"
EndProject
Project("{FAE04EC0-301F-11D3-BF4B-00C04F79EFBC}") = "M2RG.MyTimesheet.Encryption", "M2RG.MyTimesheet.Encryption\M2RG.MyTimesheet.Encryption.csproj", "{3DE73CB9-C6C0-4402-8423-E70585A93979}"
EndProject
Project("{FAE04EC0-301F-11D3-BF4B-00C04F79EFBC}") = "M2RG.MyTimesheet.Flunt", "M2RG.MyTimesheet.Flunt\M2RG.MyTimesheet.Flunt.csproj", "{8AE44BDB-D3EE-4F78-8A25-E4B22C72486B}"
EndProject
Project("{FAE04EC0-301F-11D3-BF4B-00C04F79EFBC}") = "M2RG.MyTimesheet.MyMapper", "M2RG.MyTimesheet.MyMapper\M2RG.MyTimesheet.MyMapper.csproj", "{290FA08E-F965-4A06-A798-8F9BB93C7E56}"
EndProject
Project("{FAE04EC0-301F-11D3-BF4B-00C04F79EFBC}") = "M2RG.MyTimesheet.RequestResponse", "M2RG.MyTimesheet.RequestResponse\M2RG.MyTimesheet.RequestResponse.csproj", "{E076A84C-219A-4515-85E8-7B9172D2FB73}"
EndProject
Project("{FAE04EC0-301F-11D3-BF4B-00C04F79EFBC}") = "M2RG.MyTimesheet.RedisCache", "M2RG.MyTimesheet.RedisCache\M2RG.MyTimesheet.RedisCache.csproj", "{A10640CF-2CD8-44BD-83A3-77F8A136AA10}"
EndProject
Global
	GlobalSection(SolutionConfigurationPlatforms) = preSolution
		Debug|Any CPU = Debug|Any CPU
		Release|Any CPU = Release|Any CPU
	EndGlobalSection
	GlobalSection(ProjectConfigurationPlatforms) = postSolution
		{14AEB9E7-BBBE-45A9-833A-06F293981CAA}.Debug|Any CPU.ActiveCfg = Debug|Any CPU
		{14AEB9E7-BBBE-45A9-833A-06F293981CAA}.Debug|Any CPU.Build.0 = Debug|Any CPU
		{14AEB9E7-BBBE-45A9-833A-06F293981CAA}.Release|Any CPU.ActiveCfg = Release|Any CPU
		{14AEB9E7-BBBE-45A9-833A-06F293981CAA}.Release|Any CPU.Build.0 = Release|Any CPU
		{DA84D1A2-E142-410F-9BCC-8BA1FD2BDD80}.Debug|Any CPU.ActiveCfg = Debug|Any CPU
		{DA84D1A2-E142-410F-9BCC-8BA1FD2BDD80}.Debug|Any CPU.Build.0 = Debug|Any CPU
		{DA84D1A2-E142-410F-9BCC-8BA1FD2BDD80}.Release|Any CPU.ActiveCfg = Release|Any CPU
		{DA84D1A2-E142-410F-9BCC-8BA1FD2BDD80}.Release|Any CPU.Build.0 = Release|Any CPU
		{EAA6E81E-48DE-4F3D-B4F6-D9FB01A79FD6}.Debug|Any CPU.ActiveCfg = Debug|Any CPU
		{EAA6E81E-48DE-4F3D-B4F6-D9FB01A79FD6}.Debug|Any CPU.Build.0 = Debug|Any CPU
		{EAA6E81E-48DE-4F3D-B4F6-D9FB01A79FD6}.Release|Any CPU.ActiveCfg = Release|Any CPU
		{EAA6E81E-48DE-4F3D-B4F6-D9FB01A79FD6}.Release|Any CPU.Build.0 = Release|Any CPU
		{1AC7451C-0791-4158-87F4-D0DF704B7EF6}.Debug|Any CPU.ActiveCfg = Debug|Any CPU
		{1AC7451C-0791-4158-87F4-D0DF704B7EF6}.Debug|Any CPU.Build.0 = Debug|Any CPU
		{1AC7451C-0791-4158-87F4-D0DF704B7EF6}.Release|Any CPU.ActiveCfg = Release|Any CPU
		{1AC7451C-0791-4158-87F4-D0DF704B7EF6}.Release|Any CPU.Build.0 = Release|Any CPU
		{03BFFCC2-D671-4140-93FF-03542E46AEB7}.Debug|Any CPU.ActiveCfg = Debug|Any CPU
		{03BFFCC2-D671-4140-93FF-03542E46AEB7}.Debug|Any CPU.Build.0 = Debug|Any CPU
		{03BFFCC2-D671-4140-93FF-03542E46AEB7}.Release|Any CPU.ActiveCfg = Release|Any CPU
		{03BFFCC2-D671-4140-93FF-03542E46AEB7}.Release|Any CPU.Build.0 = Release|Any CPU
		{DA144BE7-BD3A-4E1B-BB50-03FDC47963FC}.Debug|Any CPU.ActiveCfg = Debug|Any CPU
		{DA144BE7-BD3A-4E1B-BB50-03FDC47963FC}.Debug|Any CPU.Build.0 = Debug|Any CPU
		{DA144BE7-BD3A-4E1B-BB50-03FDC47963FC}.Release|Any CPU.ActiveCfg = Release|Any CPU
		{DA144BE7-BD3A-4E1B-BB50-03FDC47963FC}.Release|Any CPU.Build.0 = Release|Any CPU
		{3DE73CB9-C6C0-4402-8423-E70585A93979}.Debug|Any CPU.ActiveCfg = Debug|Any CPU
		{3DE73CB9-C6C0-4402-8423-E70585A93979}.Debug|Any CPU.Build.0 = Debug|Any CPU
		{3DE73CB9-C6C0-4402-8423-E70585A93979}.Release|Any CPU.ActiveCfg = Release|Any CPU
		{3DE73CB9-C6C0-4402-8423-E70585A93979}.Release|Any CPU.Build.0 = Release|Any CPU
		{8AE44BDB-D3EE-4F78-8A25-E4B22C72486B}.Debug|Any CPU.ActiveCfg = Debug|Any CPU
		{8AE44BDB-D3EE-4F78-8A25-E4B22C72486B}.Debug|Any CPU.Build.0 = Debug|Any CPU
		{8AE44BDB-D3EE-4F78-8A25-E4B22C72486B}.Release|Any CPU.ActiveCfg = Release|Any CPU
		{8AE44BDB-D3EE-4F78-8A25-E4B22C72486B}.Release|Any CPU.Build.0 = Release|Any CPU
		{290FA08E-F965-4A06-A798-8F9BB93C7E56}.Debug|Any CPU.ActiveCfg = Debug|Any CPU
		{290FA08E-F965-4A06-A798-8F9BB93C7E56}.Debug|Any CPU.Build.0 = Debug|Any CPU
		{290FA08E-F965-4A06-A798-8F9BB93C7E56}.Release|Any CPU.ActiveCfg = Release|Any CPU
		{290FA08E-F965-4A06-A798-8F9BB93C7E56}.Release|Any CPU.Build.0 = Release|Any CPU
		{E076A84C-219A-4515-85E8-7B9172D2FB73}.Debug|Any CPU.ActiveCfg = Debug|Any CPU
		{E076A84C-219A-4515-85E8-7B9172D2FB73}.Debug|Any CPU.Build.0 = Debug|Any CPU
		{E076A84C-219A-4515-85E8-7B9172D2FB73}.Release|Any CPU.ActiveCfg = Release|Any CPU
		{E076A84C-219A-4515-85E8-7B9172D2FB73}.Release|Any CPU.Build.0 = Release|Any CPU
		{A10640CF-2CD8-44BD-83A3-77F8A136AA10}.Debug|Any CPU.ActiveCfg = Debug|Any CPU
		{A10640CF-2CD8-44BD-83A3-77F8A136AA10}.Debug|Any CPU.Build.0 = Debug|Any CPU
		{A10640CF-2CD8-44BD-83A3-77F8A136AA10}.Release|Any CPU.ActiveCfg = Release|Any CPU
		{A10640CF-2CD8-44BD-83A3-77F8A136AA10}.Release|Any CPU.Build.0 = Release|Any CPU
	EndGlobalSection
	GlobalSection(SolutionProperties) = preSolution
		HideSolutionNode = FALSE
	EndGlobalSection
	GlobalSection(NestedProjects) = preSolution
		{14AEB9E7-BBBE-45A9-833A-06F293981CAA} = {1E04BA33-951B-4CB6-92C1-E55E7C4BC5FA}
		{DA84D1A2-E142-410F-9BCC-8BA1FD2BDD80} = {1E04BA33-951B-4CB6-92C1-E55E7C4BC5FA}
		{EAA6E81E-48DE-4F3D-B4F6-D9FB01A79FD6} = {0283EAB1-2F7B-43D6-B7AA-DAA55F1D251F}
		{1AC7451C-0791-4158-87F4-D0DF704B7EF6} = {F6549E8F-16A0-4DBF-AAEC-2F622AC81E26}
		{03BFFCC2-D671-4140-93FF-03542E46AEB7} = {F6549E8F-16A0-4DBF-AAEC-2F622AC81E26}
		{DA144BE7-BD3A-4E1B-BB50-03FDC47963FC} = {D41F6206-37A3-4CE6-B325-22EAD38A9802}
		{3DE73CB9-C6C0-4402-8423-E70585A93979} = {D41F6206-37A3-4CE6-B325-22EAD38A9802}
		{8AE44BDB-D3EE-4F78-8A25-E4B22C72486B} = {D41F6206-37A3-4CE6-B325-22EAD38A9802}
		{290FA08E-F965-4A06-A798-8F9BB93C7E56} = {D41F6206-37A3-4CE6-B325-22EAD38A9802}
		{E076A84C-219A-4515-85E8-7B9172D2FB73} = {D41F6206-37A3-4CE6-B325-22EAD38A9802}
		{A10640CF-2CD8-44BD-83A3-77F8A136AA10} = {F6549E8F-16A0-4DBF-AAEC-2F622AC81E26}
	EndGlobalSection
	GlobalSection(ExtensibilityGlobals) = postSolution
		SolutionGuid = {3891F4CA-57EA-4DB3-967D-5613426D6757}
	EndGlobalSection
EndGlobal
